# This file is autogenerated, do not edit; changes may be undone by the next 'dep ensure'.


[[projects]]
  branch = "master"
  name = "github.com/Gaurav63/security"
  packages = ["encryption"]
  revision = "96b50d189217a61718aa312eb878badc5d28e3c7"

[[projects]]
  branch = "master"
  name = "github.com/codahale/hdrhistogram"
  packages = ["."]
  revision = "3a0bb77429bd3a61596f5e8a3172445844342120"

[[projects]]
  branch = "master"
  name = "github.com/davecgh/go-spew"
  packages = ["spew"]
  revision = "ecdeabc65495df2dec95d7c4a4c3e021903035e5"

[[projects]]
  branch = "master"
  name = "github.com/gorilla/websocket"
  packages = ["."]
  revision = "66b9c49e59c6c48f0ffce28c2d8b8a5678502c6d"

[[projects]]
  branch = "master"
  name = "github.com/gravitational/trace"
  packages = ["."]
  revision = "4a5e142f3251b3a98e8fd71c2a32eb225af06b6d"

[[projects]]
  branch = "master"
  name = "github.com/jonboulle/clockwork"
  packages = ["."]
  revision = "bcac9884e7502bb2b474c0339d889cb981a2f27f"

[[projects]]
  branch = "master"
  name = "github.com/mailgun/minheap"
  packages = ["."]
  revision = "3dbe6c6bf55f94c5efcf460dc7f86830c21a90b2"

[[projects]]
  branch = "master"
  name = "github.com/mailgun/multibuf"
  packages = ["."]
  revision = "565402cd71fbd9c12aa7e295324ea357e970a61e"

[[projects]]
  branch = "master"
  name = "github.com/mailgun/timetools"
  packages = ["."]
  revision = "f3a7b8ffff474320c4f5cc564c9abb2c52ded8bc"

[[projects]]
  branch = "master"
  name = "github.com/mailgun/ttlmap"
  packages = ["."]
  revision = "c1c17f74874f2a5ea48bfb06b5459d4ef2689749"

[[projects]]
  branch = "master"
  name = "github.com/pmezard/go-difflib"
  packages = ["difflib"]
  revision = "792786c7400a136282c1664665ae0a8db921c6c2"

[[projects]]
  name = "github.com/sirupsen/logrus"
  packages = ["."]
  revision = "f006c2ac4710855cf0f916dd6b77acf6b048dc6e"
  version = "v1.0.3"

[[projects]]
  name = "github.com/stretchr/testify"
  packages = [
    "assert",
    "require"
  ]
  revision = "f35b8ab0b5a2cef36673838d662e249dd9c94686"
  version = "v1.2.2"

[[projects]]
  name = "github.com/vulcand/predicate"
  packages = ["."]
  revision = "939c094524d124c55fa8afe0e077701db4a865e2"
  version = "v1.0.0"

[[projects]]
  branch = "master"
  name = "golang.org/x/crypto"
  packages = ["ssh/terminal"]
  revision = "6a293f2d4b14b8e6d3f0539e383f6d0d30fce3fd"

[[projects]]
  branch = "master"
  name = "golang.org/x/net"
  packages = [
    "context",
    "websocket"
  ]
  revision = "a337091b0525af65de94df2eb7e98bd9962dcbe2"

[[projects]]
  branch = "master"
  name = "golang.org/x/sys"
  packages = [
    "unix",
    "windows"
  ]
  revision = "1e2299c37cc91a509f1b12369872d27be0ce98a6"

[[projects]]
  branch = "v2"
  name = "gopkg.in/mgo.v2"
  packages = [
    "bson",
    "internal/json"
  ]
  revision = "3f83fa5005286a7fe593b055f0d7771a7dce4655"

[solve-meta]
  analyzer-name = "dep"
  analyzer-version = 1
  inputs-digest = "3458d980bd7540ecf740aa86a37e16e1324c43fb2a3e60b8e038309d1d39d845"
  solver-name = "gps-cdcl"
  solver-version = 1
